
Microsoft Visual Studio Solution File, Format Version 12.00
# Visual Studio Version 17
VisualStudioVersion = 17.4.33205.214
MinimumVisualStudioVersion = 10.0.40219.1
Project("{9A19103F-16F7-4668-BE54-9A1E7A4F7556}") = "RepairAPPAPI", "RepairAPPAPI\RepairAPPAPI.csproj", "{458FFBF6-4DD0-43E6-A962-5EE4E405167F}"
EndProject
Global
	GlobalSection(SolutionConfigurationPlatforms) = preSolution
		Debug|Any CPU = Debug|Any CPU
		Release|Any CPU = Release|Any CPU
	EndGlobalSection
	GlobalSection(ProjectConfigurationPlatforms) = postSolution
		{458FFBF6-4DD0-43E6-A962-5EE4E405167F}.Debug|Any CPU.ActiveCfg = Debug|Any CPU
		{458FFBF6-4DD0-43E6-A962-5EE4E405167F}.Debug|Any CPU.Build.0 = Debug|Any CPU
		{458FFBF6-4DD0-43E6-A962-5EE4E405167F}.Release|Any CPU.ActiveCfg = Release|Any CPU
		{458FFBF6-4DD0-43E6-A962-5EE4E405167F}.Release|Any CPU.Build.0 = Release|Any CPU
	EndGlobalSection
	GlobalSection(SolutionProperties) = preSolution
		HideSolutionNode = FALSE
	EndGlobalSection
	GlobalSection(ExtensibilityGlobals) = postSolution
		SolutionGuid = {9D61ADC1-17E4-4C5C-877D-8B687E180FED}
	EndGlobalSection
EndGlobal
